
Microsoft Visual Studio Solution File, Format Version 12.00
# Visual Studio 15
VisualStudioVersion = 15.0.26730.3
MinimumVisualStudioVersion = 10.0.40219.1
Project("{8BC9CEB8-8B4A-11D0-8D11-00A0C91BC942}") = "mini-gmp", "mini-gmp\mini-gmp.vcxproj", "{5889A411-5FCA-4089-900E-1C565D7F2E52}"
EndProject
Global
	GlobalSection(SolutionConfigurationPlatforms) = preSolution
		Debug|ARM = Debug|ARM
		Debug|x64 = Debug|x64
		Debug|x86 = Debug|x86
		Release|ARM = Release|ARM
		Release|x64 = Release|x64
		Release|x86 = Release|x86
	EndGlobalSection
	GlobalSection(ProjectConfigurationPlatforms) = postSolution
		{5889A411-5FCA-4089-900E-1C565D7F2E52}.Debug|ARM.ActiveCfg = Debug|ARM
		{5889A411-5FCA-4089-900E-1C565D7F2E52}.Debug|ARM.Build.0 = Debug|ARM
		{5889A411-5FCA-4089-900E-1C565D7F2E52}.Debug|x64.ActiveCfg = Debug|x64
		{5889A411-5FCA-4089-900E-1C565D7F2E52}.Debug|x64.Build.0 = Debug|x64
		{5889A411-5FCA-4089-900E-1C565D7F2E52}.Debug|x86.ActiveCfg = Debug|Win32
		{5889A411-5FCA-4089-900E-1C565D7F2E52}.Debug|x86.Build.0 = Debug|Win32
		{5889A411-5FCA-4089-900E-1C565D7F2E52}.Release|ARM.ActiveCfg = Release|ARM
		{5889A411-5FCA-4089-900E-1C565D7F2E52}.Release|ARM.Build.0 = Release|ARM
		{5889A411-5FCA-4089-900E-1C565D7F2E52}.Release|x64.ActiveCfg = Release|x64
		{5889A411-5FCA-4089-900E-1C565D7F2E52}.Release|x64.Build.0 = Release|x64
		{5889A411-5FCA-4089-900E-1C565D7F2E52}.Release|x86.ActiveCfg = Release|Win32
		{5889A411-5FCA-4089-900E-1C565D7F2E52}.Release|x86.Build.0 = Release|Win32
	EndGlobalSection
	GlobalSection(SolutionProperties) = preSolution
		HideSolutionNode = FALSE
	EndGlobalSection
	GlobalSection(ExtensibilityGlobals) = postSolution
		SolutionGuid = {F7958377-B1A5-479A-90A8-9A0C7117AAD6}
	EndGlobalSection
EndGlobal
